// !$*UTF8*$!
{
	archiveVersion = 1;
	classes = {
	};
	objectVersion = 55;
	objects = {

/* Begin PBXBuildFile section */
		9F9E22FA284333E80052CF0D /* AuthenticationUI in Frameworks */ = {isa = PBXBuildFile; productRef = 9F9E22F9284333E80052CF0D /* AuthenticationUI */; };
		9FD9E7672842510600EFDBD4 /* AppDelegate.swift in Sources */ = {isa = PBXBuildFile; fileRef = 9FD9E7662842510600EFDBD4 /* AppDelegate.swift */; };
		9FD9E7692842510600EFDBD4 /* SceneDelegate.swift in Sources */ = {isa = PBXBuildFile; fileRef = 9FD9E7682842510600EFDBD4 /* SceneDelegate.swift */; };
		9FD9E76B2842510600EFDBD4 /* ViewController.swift in Sources */ = {isa = PBXBuildFile; fileRef = 9FD9E76A2842510600EFDBD4 /* ViewController.swift */; };
		9FD9E76E2842510600EFDBD4 /* Main.storyboard in Resources */ = {isa = PBXBuildFile; fileRef = 9FD9E76C2842510600EFDBD4 /* Main.storyboard */; };
		9FD9E7702842510700EFDBD4 /* Assets.xcassets in Resources */ = {isa = PBXBuildFile; fileRef = 9FD9E76F2842510700EFDBD4 /* Assets.xcassets */; };
		9FD9E7732842510700EFDBD4 /* LaunchScreen.storyboard in Resources */ = {isa = PBXBuildFile; fileRef = 9FD9E7712842510700EFDBD4 /* LaunchScreen.storyboard */; };
/* End PBXBuildFile section */

/* Begin PBXContainerItemProxy section */
		9F70365D28AE25AC00587B85 /* PBXContainerItemProxy */ = {
			isa = PBXContainerItemProxy;
			containerPortal = 9F70365328AE25AC00587B85 /* KlugMainApp.xcodeproj */;
			proxyType = 2;
			remoteGlobalIDString = 9F39A5CB26E2F784009253CB;
			remoteInfo = KlugMainApp;
		};
		9F70365F28AE25AC00587B85 /* PBXContainerItemProxy */ = {
			isa = PBXContainerItemProxy;
			containerPortal = 9F70365328AE25AC00587B85 /* KlugMainApp.xcodeproj */;
			proxyType = 2;
			remoteGlobalIDString = 9FC620FF270E61F800942638;
			remoteInfo = NavigationPreviewApp;
		};
		9F70366128AE25AC00587B85 /* PBXContainerItemProxy */ = {
			isa = PBXContainerItemProxy;
			containerPortal = 9F70365328AE25AC00587B85 /* KlugMainApp.xcodeproj */;
			proxyType = 2;
			remoteGlobalIDString = 9F44E9CF271713CF0074A8D6;
			remoteInfo = AnimationPreviewApp;
		};
		9F70366328AE25AC00587B85 /* PBXContainerItemProxy */ = {
			isa = PBXContainerItemProxy;
			containerPortal = 9F70365328AE25AC00587B85 /* KlugMainApp.xcodeproj */;
			proxyType = 2;
			remoteGlobalIDString = 9F43942B273572AA001895E6;
			remoteInfo = HabitTrackerPreviewApp;
		};
		9F70366528AE25AC00587B85 /* PBXContainerItemProxy */ = {
			isa = PBXContainerItemProxy;
			containerPortal = 9F70365328AE25AC00587B85 /* KlugMainApp.xcodeproj */;
			proxyType = 2;
			remoteGlobalIDString = 9FD5B7262771EBB700C4833B;
			remoteInfo = ItemRowPreviewApp;
		};
		9F70366728AE25AC00587B85 /* PBXContainerItemProxy */ = {
			isa = PBXContainerItemProxy;
			containerPortal = 9F70365328AE25AC00587B85 /* KlugMainApp.xcodeproj */;
			proxyType = 2;
			remoteGlobalIDString = 9F1AC6C5277ED8C200F22E2D;
			remoteInfo = WeatherPreviewApp;
		};
		9F70366928AE25AC00587B85 /* PBXContainerItemProxy */ = {
			isa = PBXContainerItemProxy;
			containerPortal = 9F70365328AE25AC00587B85 /* KlugMainApp.xcodeproj */;
			proxyType = 2;
			remoteGlobalIDString = 9FA6363D2786FE580042A7CC;
			remoteInfo = HWSPreviewApp;
		};
/* End PBXContainerItemProxy section */

/* Begin PBXFileReference section */
		9F70365328AE25AC00587B85 /* KlugMainApp.xcodeproj */ = {isa = PBXFileReference; lastKnownFileType = "wrapper.pb-project"; name = KlugMainApp.xcodeproj; path = ../KlugMainApp/KlugMainApp.xcodeproj; sourceTree = "<group>"; };
		9FD9E7632842510500EFDBD4 /* HomePassExample.app */ = {isa = PBXFileReference; explicitFileType = wrapper.application; includeInIndex = 0; path = HomePassExample.app; sourceTree = BUILT_PRODUCTS_DIR; };
		9FD9E7662842510600EFDBD4 /* AppDelegate.swift */ = {isa = PBXFileReference; lastKnownFileType = sourcecode.swift; path = AppDelegate.swift; sourceTree = "<group>"; };
		9FD9E7682842510600EFDBD4 /* SceneDelegate.swift */ = {isa = PBXFileReference; lastKnownFileType = sourcecode.swift; path = SceneDelegate.swift; sourceTree = "<group>"; };
		9FD9E76A2842510600EFDBD4 /* ViewController.swift */ = {isa = PBXFileReference; lastKnownFileType = sourcecode.swift; path = ViewController.swift; sourceTree = "<group>"; };
		9FD9E76D2842510600EFDBD4 /* Base */ = {isa = PBXFileReference; lastKnownFileType = file.storyboard; name = Base; path = Base.lproj/Main.storyboard; sourceTree = "<group>"; };
		9FD9E76F2842510700EFDBD4 /* Assets.xcassets */ = {isa = PBXFileReference; lastKnownFileType = folder.assetcatalog; path = Assets.xcassets; sourceTree = "<group>"; };
		9FD9E7722842510700EFDBD4 /* Base */ = {isa = PBXFileReference; lastKnownFileType = file.storyboard; name = Base; path = Base.lproj/LaunchScreen.storyboard; sourceTree = "<group>"; };
		9FD9E7742842510700EFDBD4 /* Info.plist */ = {isa = PBXFileReference; lastKnownFileType = text.plist.xml; path = Info.plist; sourceTree = "<group>"; };
/* End PBXFileReference section */

/* Begin PBXFrameworksBuildPhase section */
		9FD9E7602842510500EFDBD4 /* Frameworks */ = {
			isa = PBXFrameworksBuildPhase;
			buildActionMask = 2147483647;
			files = (
				9F9E22FA284333E80052CF0D /* AuthenticationUI in Frameworks */,
			);
			runOnlyForDeploymentPostprocessing = 0;
		};
/* End PBXFrameworksBuildPhase section */

/* Begin PBXGroup section */
		9F70365428AE25AC00587B85 /* Products */ = {
			isa = PBXGroup;
			children = (
				9F70365E28AE25AC00587B85 /* KlugMainApp.app */,
				9F70366028AE25AC00587B85 /* NavigationPreviewApp.app */,
				9F70366228AE25AC00587B85 /* AnimationPreviewApp.app */,
				9F70366428AE25AC00587B85 /* HabitTrackerPreviewApp.app */,
				9F70366628AE25AC00587B85 /* ItemRowPreviewApp.app */,
				9F70366828AE25AC00587B85 /* WeatherPreviewApp.app */,
				9F70366A28AE25AC00587B85 /* HWSPreviewApp.app */,
			);
			name = Products;
			sourceTree = "<group>";
		};
		9F9E22F8284333E80052CF0D /* Frameworks */ = {
			isa = PBXGroup;
			children = (
			);
			name = Frameworks;
			sourceTree = "<group>";
		};
		9FD9E75A2842510500EFDBD4 = {
			isa = PBXGroup;
			children = (
				9F70365328AE25AC00587B85 /* KlugMainApp.xcodeproj */,
				9FD9E7652842510600EFDBD4 /* HomePassExample */,
				9FD9E7642842510500EFDBD4 /* Products */,
				9F9E22F8284333E80052CF0D /* Frameworks */,
			);
			sourceTree = "<group>";
		};
		9FD9E7642842510500EFDBD4 /* Products */ = {
			isa = PBXGroup;
			children = (
				9FD9E7632842510500EFDBD4 /* HomePassExample.app */,
			);
			name = Products;
			sourceTree = "<group>";
		};
		9FD9E7652842510600EFDBD4 /* HomePassExample */ = {
			isa = PBXGroup;
			children = (
				9FD9E7662842510600EFDBD4 /* AppDelegate.swift */,
				9FD9E7682842510600EFDBD4 /* SceneDelegate.swift */,
				9FD9E76A2842510600EFDBD4 /* ViewController.swift */,
				9FD9E76C2842510600EFDBD4 /* Main.storyboard */,
				9FD9E76F2842510700EFDBD4 /* Assets.xcassets */,
				9FD9E7712842510700EFDBD4 /* LaunchScreen.storyboard */,
				9FD9E7742842510700EFDBD4 /* Info.plist */,
			);
			path = HomePassExample;
			sourceTree = "<group>";
		};
/* End PBXGroup section */

/* Begin PBXNativeTarget section */
		9FD9E7622842510500EFDBD4 /* HomePassExample */ = {
			isa = PBXNativeTarget;
			buildConfigurationList = 9FD9E7772842510700EFDBD4 /* Build configuration list for PBXNativeTarget "HomePassExample" */;
			buildPhases = (
				9FD9E75F2842510500EFDBD4 /* Sources */,
				9FD9E7602842510500EFDBD4 /* Frameworks */,
				9FD9E7612842510500EFDBD4 /* Resources */,
			);
			buildRules = (
			);
			dependencies = (
			);
			name = HomePassExample;
			packageProductDependencies = (
				9F9E22F9284333E80052CF0D /* AuthenticationUI */,
			);
			productName = HomePassExample;
			productReference = 9FD9E7632842510500EFDBD4 /* HomePassExample.app */;
			productType = "com.apple.product-type.application";
		};
/* End PBXNativeTarget section */

/* Begin PBXProject section */
		9FD9E75B2842510500EFDBD4 /* Project object */ = {
			isa = PBXProject;
			attributes = {
				BuildIndependentTargetsInParallel = 1;
				LastSwiftUpdateCheck = 1340;
				LastUpgradeCheck = 1340;
				TargetAttributes = {
					9FD9E7622842510500EFDBD4 = {
						CreatedOnToolsVersion = 13.4;
					};
				};
			};
			buildConfigurationList = 9FD9E75E2842510500EFDBD4 /* Build configuration list for PBXProject "HomePassExample" */;
			compatibilityVersion = "Xcode 13.0";
			developmentRegion = en;
			hasScannedForEncodings = 0;
			knownRegions = (
				en,
				Base,
			);
			mainGroup = 9FD9E75A2842510500EFDBD4;
			productRefGroup = 9FD9E7642842510500EFDBD4 /* Products */;
			projectDirPath = "";
			projectReferences = (
				{
					ProductGroup = 9F70365428AE25AC00587B85 /* Products */;
					ProjectRef = 9F70365328AE25AC00587B85 /* KlugMainApp.xcodeproj */;
				},
			);
			projectRoot = "";
			targets = (
				9FD9E7622842510500EFDBD4 /* HomePassExample */,
			);
		};
/* End PBXProject section */

/* Begin PBXReferenceProxy section */
		9F70365E28AE25AC00587B85 /* KlugMainApp.app */ = {
			isa = PBXReferenceProxy;
			fileType = wrapper.application;
			path = KlugMainApp.app;
			remoteRef = 9F70365D28AE25AC00587B85 /* PBXContainerItemProxy */;
			sourceTree = BUILT_PRODUCTS_DIR;
		};
		9F70366028AE25AC00587B85 /* NavigationPreviewApp.app */ = {
			isa = PBXReferenceProxy;
			fileType = wrapper.application;
			path = NavigationPreviewApp.app;
			remoteRef = 9F70365F28AE25AC00587B85 /* PBXContainerItemProxy */;
			sourceTree = BUILT_PRODUCTS_DIR;
		};
		9F70366228AE25AC00587B85 /* AnimationPreviewApp.app */ = {
			isa = PBXReferenceProxy;
			fileType = wrapper.application;
			path = AnimationPreviewApp.app;
			remoteRef = 9F70366128AE25AC00587B85 /* PBXContainerItemProxy */;
			sourceTree = BUILT_PRODUCTS_DIR;
		};
		9F70366428AE25AC00587B85 /* HabitTrackerPreviewApp.app */ = {
			isa = PBXReferenceProxy;
			fileType = wrapper.application;
			path = HabitTrackerPreviewApp.app;
			remoteRef = 9F70366328AE25AC00587B85 /* PBXContainerItemProxy */;
			sourceTree = BUILT_PRODUCTS_DIR;
		};
		9F70366628AE25AC00587B85 /* ItemRowPreviewApp.app */ = {
			isa = PBXReferenceProxy;
			fileType = wrapper.application;
			path = ItemRowPreviewApp.app;
			remoteRef = 9F70366528AE25AC00587B85 /* PBXContainerItemProxy */;
			sourceTree = BUILT_PRODUCTS_DIR;
		};
		9F70366828AE25AC00587B85 /* WeatherPreviewApp.app */ = {
			isa = PBXReferenceProxy;
			fileType = wrapper.application;
			path = WeatherPreviewApp.app;
			remoteRef = 9F70366728AE25AC00587B85 /* PBXContainerItemProxy */;
			sourceTree = BUILT_PRODUCTS_DIR;
		};
		9F70366A28AE25AC00587B85 /* HWSPreviewApp.app */ = {
			isa = PBXReferenceProxy;
			fileType = wrapper.application;
			path = HWSPreviewApp.app;
			remoteRef = 9F70366928AE25AC00587B85 /* PBXContainerItemProxy */;
			sourceTree = BUILT_PRODUCTS_DIR;
		};
/* End PBXReferenceProxy section */

/* Begin PBXResourcesBuildPhase section */
		9FD9E7612842510500EFDBD4 /* Resources */ = {
			isa = PBXResourcesBuildPhase;
			buildActionMask = 2147483647;
			files = (
				9FD9E7732842510700EFDBD4 /* LaunchScreen.storyboard in Resources */,
				9FD9E7702842510700EFDBD4 /* Assets.xcassets in Resources */,
				9FD9E76E2842510600EFDBD4 /* Main.storyboard in Resources */,
			);
			runOnlyForDeploymentPostprocessing = 0;
		};
/* End PBXResourcesBuildPhase section */

/* Begin PBXSourcesBuildPhase section */
		9FD9E75F2842510500EFDBD4 /* Sources */ = {
			isa = PBXSourcesBuildPhase;
			buildActionMask = 2147483647;
			files = (
				9FD9E76B2842510600EFDBD4 /* ViewController.swift in Sources */,
				9FD9E7672842510600EFDBD4 /* AppDelegate.swift in Sources */,
				9FD9E7692842510600EFDBD4 /* SceneDelegate.swift in Sources */,
			);
			runOnlyForDeploymentPostprocessing = 0;
		};
/* End PBXSourcesBuildPhase section */

/* Begin PBXVariantGroup section */
		9FD9E76C2842510600EFDBD4 /* Main.storyboard */ = {
			isa = PBXVariantGroup;
			children = (
				9FD9E76D2842510600EFDBD4 /* Base */,
			);
			name = Main.storyboard;
			sourceTree = "<group>";
		};
		9FD9E7712842510700EFDBD4 /* LaunchScreen.storyboard */ = {
			isa = PBXVariantGroup;
			children = (
				9FD9E7722842510700EFDBD4 /* Base */,
			);
			name = LaunchScreen.storyboard;
			sourceTree = "<group>";
		};
/* End PBXVariantGroup section */

/* Begin XCBuildConfiguration section */
		9FD9E7752842510700EFDBD4 /* Debug */ = {
			isa = XCBuildConfiguration;
			buildSettings = {
				ALWAYS_SEARCH_USER_PATHS = NO;
				CLANG_ANALYZER_NONNULL = YES;
				CLANG_ANALYZER_NUMBER_OBJECT_CONVERSION = YES_AGGRESSIVE;
				CLANG_CXX_LANGUAGE_STANDARD = "gnu++17";
				CLANG_ENABLE_MODULES = YES;
				CLANG_ENABLE_OBJC_ARC = YES;
				CLANG_ENABLE_OBJC_WEAK = YES;
				CLANG_WARN_BLOCK_CAPTURE_AUTORELEASING = YES;
				CLANG_WARN_BOOL_CONVERSION = YES;
				CLANG_WARN_COMMA = YES;
				CLANG_WARN_CONSTANT_CONVERSION = YES;
				CLANG_WARN_DEPRECATED_OBJC_IMPLEMENTATIONS = YES;
				CLANG_WARN_DIRECT_OBJC_ISA_USAGE = YES_ERROR;
				CLANG_WARN_DOCUMENTATION_COMMENTS = YES;
				CLANG_WARN_EMPTY_BODY = YES;
				CLANG_WARN_ENUM_CONVERSION = YES;
				CLANG_WARN_INFINITE_RECURSION = YES;
				CLANG_WARN_INT_CONVERSION = YES;
				CLANG_WARN_NON_LITERAL_NULL_CONVERSION = YES;
				CLANG_WARN_OBJC_IMPLICIT_RETAIN_SELF = YES;
				CLANG_WARN_OBJC_LITERAL_CONVERSION = YES;
				CLANG_WARN_OBJC_ROOT_CLASS = YES_ERROR;
				CLANG_WARN_QUOTED_INCLUDE_IN_FRAMEWORK_HEADER = YES;
				CLANG_WARN_RANGE_LOOP_ANALYSIS = YES;
				CLANG_WARN_STRICT_PROTOTYPES = YES;
				CLANG_WARN_SUSPICIOUS_MOVE = YES;
				CLANG_WARN_UNGUARDED_AVAILABILITY = YES_AGGRESSIVE;
				CLANG_WARN_UNREACHABLE_CODE = YES;
				CLANG_WARN__DUPLICATE_METHOD_MATCH = YES;
				COPY_PHASE_STRIP = NO;
				DEBUG_INFORMATION_FORMAT = dwarf;
				ENABLE_STRICT_OBJC_MSGSEND = YES;
				ENABLE_TESTABILITY = YES;
				GCC_C_LANGUAGE_STANDARD = gnu11;
				GCC_DYNAMIC_NO_PIC = NO;
				GCC_NO_COMMON_BLOCKS = YES;
				GCC_OPTIMIZATION_LEVEL = 0;
				GCC_PREPROCESSOR_DEFINITIONS = (
					"DEBUG=1",
					"$(inherited)",
				);
				GCC_WARN_64_TO_32_BIT_CONVERSION = YES;
				GCC_WARN_ABOUT_RETURN_TYPE = YES_ERROR;
				GCC_WARN_UNDECLARED_SELECTOR = YES;
				GCC_WARN_UNINITIALIZED_AUTOS = YES_AGGRESSIVE;
				GCC_WARN_UNUSED_FUNCTION = YES;
				GCC_WARN_UNUSED_VARIABLE = YES;
				IPHONEOS_DEPLOYMENT_TARGET = 15.5;
				MTL_ENABLE_DEBUG_INFO = INCLUDE_SOURCE;
				MTL_FAST_MATH = YES;
				ONLY_ACTIVE_ARCH = YES;
				SDKROOT = iphoneos;
				SWIFT_ACTIVE_COMPILATION_CONDITIONS = DEBUG;
				SWIFT_OPTIMIZATION_LEVEL = "-Onone";
			};
			name = Debug;
		};
		9FD9E7762842510700EFDBD4 /* Release */ = {
			isa = XCBuildConfiguration;
			buildSettings = {
				ALWAYS_SEARCH_USER_PATHS = NO;
				CLANG_ANALYZER_NONNULL = YES;
				CLANG_ANALYZER_NUMBER_OBJECT_CONVERSION = YES_AGGRESSIVE;
				CLANG_CXX_LANGUAGE_STANDARD = "gnu++17";
				CLANG_ENABLE_MODULES = YES;
				CLANG_ENABLE_OBJC_ARC = YES;
				CLANG_ENABLE_OBJC_WEAK = YES;
				CLANG_WARN_BLOCK_CAPTURE_AUTORELEASING = YES;
				CLANG_WARN_BOOL_CONVERSION = YES;
				CLANG_WARN_COMMA = YES;
				CLANG_WARN_CONSTANT_CONVERSION = YES;
				CLANG_WARN_DEPRECATED_OBJC_IMPLEMENTATIONS = YES;
				CLANG_WARN_DIRECT_OBJC_ISA_USAGE = YES_ERROR;
				CLANG_WARN_DOCUMENTATION_COMMENTS = YES;
				CLANG_WARN_EMPTY_BODY = YES;
				CLANG_WARN_ENUM_CONVERSION = YES;
				CLANG_WARN_INFINITE_RECURSION = YES;
				CLANG_WARN_INT_CONVERSION = YES;
				CLANG_WARN_NON_LITERAL_NULL_CONVERSION = YES;
				CLANG_WARN_OBJC_IMPLICIT_RETAIN_SELF = YES;
				CLANG_WARN_OBJC_LITERAL_CONVERSION = YES;
				CLANG_WARN_OBJC_ROOT_CLASS = YES_ERROR;
				CLANG_WARN_QUOTED_INCLUDE_IN_FRAMEWORK_HEADER = YES;
				CLANG_WARN_RANGE_LOOP_ANALYSIS = YES;
				CLANG_WARN_STRICT_PROTOTYPES = YES;
				CLANG_WARN_SUSPICIOUS_MOVE = YES;
				CLANG_WARN_UNGUARDED_AVAILABILITY = YES_AGGRESSIVE;
				CLANG_WARN_UNREACHABLE_CODE = YES;
				CLANG_WARN__DUPLICATE_METHOD_MATCH = YES;
				COPY_PHASE_STRIP = NO;
				DEBUG_INFORMATION_FORMAT = "dwarf-with-dsym";
				ENABLE_NS_ASSERTIONS = NO;
				ENABLE_STRICT_OBJC_MSGSEND = YES;
				GCC_C_LANGUAGE_STANDARD = gnu11;
				GCC_NO_COMMON_BLOCKS = YES;
				GCC_WARN_64_TO_32_BIT_CONVERSION = YES;
				GCC_WARN_ABOUT_RETURN_TYPE = YES_ERROR;
				GCC_WARN_UNDECLARED_SELECTOR = YES;
				GCC_WARN_UNINITIALIZED_AUTOS = YES_AGGRESSIVE;
				GCC_WARN_UNUSED_FUNCTION = YES;
				GCC_WARN_UNUSED_VARIABLE = YES;
				IPHONEOS_DEPLOYMENT_TARGET = 15.5;
				MTL_ENABLE_DEBUG_INFO = NO;
				MTL_FAST_MATH = YES;
				SDKROOT = iphoneos;
				SWIFT_COMPILATION_MODE = wholemodule;
				SWIFT_OPTIMIZATION_LEVEL = "-O";
				VALIDATE_PRODUCT = YES;
			};
			name = Release;
		};
		9FD9E7782842510700EFDBD4 /* Debug */ = {
			isa = XCBuildConfiguration;
			buildSettings = {
				ASSETCATALOG_COMPILER_APPICON_NAME = AppIcon;
				ASSETCATALOG_COMPILER_GLOBAL_ACCENT_COLOR_NAME = AccentColor;
				CODE_SIGN_STYLE = Automatic;
				CURRENT_PROJECT_VERSION = 1;
				DEVELOPMENT_TEAM = CLCZFAVBGV;
				GENERATE_INFOPLIST_FILE = YES;
				INFOPLIST_FILE = HomePassExample/Info.plist;
				INFOPLIST_KEY_UIApplicationSupportsIndirectInputEvents = YES;
				INFOPLIST_KEY_UILaunchStoryboardName = LaunchScreen;
				INFOPLIST_KEY_UISupportedInterfaceOrientations_iPad = "UIInterfaceOrientationPortrait UIInterfaceOrientationPortraitUpsideDown UIInterfaceOrientationLandscapeLeft UIInterfaceOrientationLandscapeRight";
				INFOPLIST_KEY_UISupportedInterfaceOrientations_iPhone = "UIInterfaceOrientationPortrait UIInterfaceOrientationLandscapeLeft UIInterfaceOrientationLandscapeRight";
				LD_RUNPATH_SEARCH_PATHS = (
					"$(inherited)",
					"@executable_path/Frameworks",
				);
				MARKETING_VERSION = 1.0;
				PRODUCT_BUNDLE_IDENTIFIER = io.justpixel.HomePassExample;
				PRODUCT_NAME = "$(TARGET_NAME)";
				SWIFT_EMIT_LOC_STRINGS = YES;
				SWIFT_VERSION = 5.0;
				TARGETED_DEVICE_FAMILY = "1,2";
			};
			name = Debug;
		};
		9FD9E7792842510700EFDBD4 /* Release */ = {
			isa = XCBuildConfiguration;
			buildSettings = {
				ASSETCATALOG_COMPILER_APPICON_NAME = AppIcon;
				ASSETCATALOG_COMPILER_GLOBAL_ACCENT_COLOR_NAME = AccentColor;
				CODE_SIGN_STYLE = Automatic;
				CURRENT_PROJECT_VERSION = 1;
				DEVELOPMENT_TEAM = CLCZFAVBGV;
				GENERATE_INFOPLIST_FILE = YES;
				INFOPLIST_FILE = HomePassExample/Info.plist;
				INFOPLIST_KEY_UIApplicationSupportsIndirectInputEvents = YES;
				INFOPLIST_KEY_UILaunchStoryboardName = LaunchScreen;
				INFOPLIST_KEY_UISupportedInterfaceOrientations_iPad = "UIInterfaceOrientationPortrait UIInterfaceOrientationPortraitUpsideDown UIInterfaceOrientationLandscapeLeft UIInterfaceOrientationLandscapeRight";
				INFOPLIST_KEY_UISupportedInterfaceOrientations_iPhone = "UIInterfaceOrientationPortrait UIInterfaceOrientationLandscapeLeft UIInterfaceOrientationLandscapeRight";
				LD_RUNPATH_SEARCH_PATHS = (
					"$(inherited)",
					"@executable_path/Frameworks",
				);
				MARKETING_VERSION = 1.0;
				PRODUCT_BUNDLE_IDENTIFIER = io.justpixel.HomePassExample;
				PRODUCT_NAME = "$(TARGET_NAME)";
				SWIFT_EMIT_LOC_STRINGS = YES;
				SWIFT_VERSION = 5.0;
				TARGETED_DEVICE_FAMILY = "1,2";
			};
			name = Release;
		};
/* End XCBuildConfiguration section */

/* Begin XCConfigurationList section */
		9FD9E75E2842510500EFDBD4 /* Build configuration list for PBXProject "HomePassExample" */ = {
			isa = XCConfigurationList;
			buildConfigurations = (
				9FD9E7752842510700EFDBD4 /* Debug */,
				9FD9E7762842510700EFDBD4 /* Release */,
			);
			defaultConfigurationIsVisible = 0;
			defaultConfigurationName = Release;
		};
		9FD9E7772842510700EFDBD4 /* Build configuration list for PBXNativeTarget "HomePassExample" */ = {
			isa = XCConfigurationList;
			buildConfigurations = (
				9FD9E7782842510700EFDBD4 /* Debug */,
				9FD9E7792842510700EFDBD4 /* Release */,
			);
			defaultConfigurationIsVisible = 0;
			defaultConfigurationName = Release;
		};
/* End XCConfigurationList section */

/* Begin XCSwiftPackageProductDependency section */
		9F9E22F9284333E80052CF0D /* AuthenticationUI */ = {
			isa = XCSwiftPackageProductDependency;
			productName = AuthenticationUI;
		};
/* End XCSwiftPackageProductDependency section */
	};
	rootObject = 9FD9E75B2842510500EFDBD4 /* Project object */;
}
